
Microsoft Visual Studio Solution File, Format Version 12.00
# Visual Studio Version 17
VisualStudioVersion = 17.14.36121.58 d17.14
MinimumVisualStudioVersion = 10.0.40219.1
Project("{FAE04EC0-301F-11D3-BF4B-00C04F79EFBC}") = "ProductsAPI", "ProductsAPI\ProductsAPI.csproj", "{B5094829-C1BC-4FBB-9C7A-DC30162F1F27}"
EndProject
Global
	GlobalSection(SolutionConfigurationPlatforms) = preSolution
		Debug|Any CPU = Debug|Any CPU
		Release|Any CPU = Release|Any CPU
	EndGlobalSection
	GlobalSection(ProjectConfigurationPlatforms) = postSolution
		{B5094829-C1BC-4FBB-9C7A-DC30162F1F27}.Debug|Any CPU.ActiveCfg = Debug|Any CPU
		{B5094829-C1BC-4FBB-9C7A-DC30162F1F27}.Debug|Any CPU.Build.0 = Debug|Any CPU
		{B5094829-C1BC-4FBB-9C7A-DC30162F1F27}.Release|Any CPU.ActiveCfg = Release|Any CPU
		{B5094829-C1BC-4FBB-9C7A-DC30162F1F27}.Release|Any CPU.Build.0 = Release|Any CPU
	EndGlobalSection
	GlobalSection(SolutionProperties) = preSolution
		HideSolutionNode = FALSE
	EndGlobalSection
	GlobalSection(ExtensibilityGlobals) = postSolution
		SolutionGuid = {9A79252F-9600-4D62-86D4-701CCD781EF2}
	EndGlobalSection
EndGlobal
